// !$*UTF8*$!
{
	archiveVersion = 1;
	classes = {
	};
	objectVersion = 46;
	objects = {

/* Begin PBXBuildFile section */
		12177BB71F1F7A2C00CA49CD /* AppDelegate.swift in Sources */ = {isa = PBXBuildFile; fileRef = 12177BB61F1F7A2C00CA49CD /* AppDelegate.swift */; };
		12177BB91F1F7A2C00CA49CD /* ViewController.swift in Sources */ = {isa = PBXBuildFile; fileRef = 12177BB81F1F7A2C00CA49CD /* ViewController.swift */; };
		12177BBC1F1F7A2C00CA49CD /* Main.storyboard in Resources */ = {isa = PBXBuildFile; fileRef = 12177BBA1F1F7A2C00CA49CD /* Main.storyboard */; };
		12177BC11F1F7A2D00CA49CD /* LaunchScreen.storyboard in Resources */ = {isa = PBXBuildFile; fileRef = 12177BBF1F1F7A2D00CA49CD /* LaunchScreen.storyboard */; };
		1227DB361F78D9B400023A18 /* UITextField+Placeholder.swift in Sources */ = {isa = PBXBuildFile; fileRef = 1227DB351F78D9B300023A18 /* UITextField+Placeholder.swift */; };
		123B88991F7826BC005FB718 /* MemberSignInAndOutViewController.swift in Sources */ = {isa = PBXBuildFile; fileRef = 123B88981F7826BC005FB718 /* MemberSignInAndOutViewController.swift */; };
		123B889B1F782AD7005FB718 /* UINavigationController+Transparent.swift in Sources */ = {isa = PBXBuildFile; fileRef = 123B889A1F782AD7005FB718 /* UINavigationController+Transparent.swift */; };
		123B889F1F782C11005FB718 /* MemberLogInPage.swift in Sources */ = {isa = PBXBuildFile; fileRef = 123B889E1F782C11005FB718 /* MemberLogInPage.swift */; };
		123B88A11F783F0C005FB718 /* MemberForgetPasswordPage.swift in Sources */ = {isa = PBXBuildFile; fileRef = 123B88A01F783F0C005FB718 /* MemberForgetPasswordPage.swift */; };
		123B88A31F783FA2005FB718 /* MemberCreateAccountPage.swift in Sources */ = {isa = PBXBuildFile; fileRef = 123B88A21F783FA2005FB718 /* MemberCreateAccountPage.swift */; };
		123B88A51F7850C4005FB718 /* MemberProfiolePage.swift in Sources */ = {isa = PBXBuildFile; fileRef = 123B88A41F7850C4005FB718 /* MemberProfiolePage.swift */; };
		123B88A71F785539005FB718 /* GoogleService-Info.plist in Resources */ = {isa = PBXBuildFile; fileRef = 123B88A61F785539005FB718 /* GoogleService-Info.plist */; };
		12826F1A1F6B4F98008297C0 /* ContentPageView-01.swift in Sources */ = {isa = PBXBuildFile; fileRef = 12826F191F6B4F98008297C0 /* ContentPageView-01.swift */; };
		12826F1C1F6B4FBC008297C0 /* ContentPageView_02.swift in Sources */ = {isa = PBXBuildFile; fileRef = 12826F1B1F6B4FBC008297C0 /* ContentPageView_02.swift */; };
		12826F1E1F6B4FCD008297C0 /* ContentPageView_03.swift in Sources */ = {isa = PBXBuildFile; fileRef = 12826F1D1F6B4FCD008297C0 /* ContentPageView_03.swift */; };
		12826F201F6B5934008297C0 /* RootPageView.swift in Sources */ = {isa = PBXBuildFile; fileRef = 12826F1F1F6B5934008297C0 /* RootPageView.swift */; };
		12826F221F6B596D008297C0 /* PageViewController.swift in Sources */ = {isa = PBXBuildFile; fileRef = 12826F211F6B596D008297C0 /* PageViewController.swift */; };
		12B71D591F8A137E0027589D /* DataManager.swift in Sources */ = {isa = PBXBuildFile; fileRef = 12B71D581F8A137E0027589D /* DataManager.swift */; };
		12B71D5E1F921A250027589D /* DiaryItem.swift in Sources */ = {isa = PBXBuildFile; fileRef = 12B71D5D1F921A250027589D /* DiaryItem.swift */; };
		12F9349C1F20DBA600E8858E /* newDailyViewController.swift in Sources */ = {isa = PBXBuildFile; fileRef = 12F9349B1F20DBA600E8858E /* newDailyViewController.swift */; };
		12F9349E1F20DBCD00E8858E /* wantToEatViewController.swift in Sources */ = {isa = PBXBuildFile; fileRef = 12F9349D1F20DBCD00E8858E /* wantToEatViewController.swift */; };
		12F934A81F20E56900E8858E /* statisticsViewController.swift in Sources */ = {isa = PBXBuildFile; fileRef = 12F934A71F20E56900E8858E /* statisticsViewController.swift */; };
		12F934AC1F20EB5000E8858E /* memoPageViewController.swift in Sources */ = {isa = PBXBuildFile; fileRef = 12F934AB1F20EB5000E8858E /* memoPageViewController.swift */; };
		12FD67C81F20767B0021EDD6 /* Assets.xcassets in Resources */ = {isa = PBXBuildFile; fileRef = 12FD67C71F20767B0021EDD6 /* Assets.xcassets */; };
		6A333927ED366EBC1DE8E905 /* Pods_BPT103_Project_Foodaily.framework in Frameworks */ = {isa = PBXBuildFile; fileRef = 9DE7F78C34D3F59D174D26B7 /* Pods_BPT103_Project_Foodaily.framework */; };
		B30A58DC1F7CE342002F1AC8 /* camera.png in Resources */ = {isa = PBXBuildFile; fileRef = B30A58D91F7CE33A002F1AC8 /* camera.png */; };
		B30A58DD1F7CE342002F1AC8 /* camera@2x.png in Resources */ = {isa = PBXBuildFile; fileRef = B30A58DB1F7CE33B002F1AC8 /* camera@2x.png */; };
		B30A58DE1F7CE342002F1AC8 /* camera@3x.png in Resources */ = {isa = PBXBuildFile; fileRef = B30A58DA1F7CE33B002F1AC8 /* camera@3x.png */; };
		B30A58E11F7CE5D8002F1AC8 /* CreateDiaryPageView_01.swift in Sources */ = {isa = PBXBuildFile; fileRef = B30A58E01F7CE5D8002F1AC8 /* CreateDiaryPageView_01.swift */; };
		B30A58E31F7D1B5D002F1AC8 /* CreateDiaryCollectionViewCell.swift in Sources */ = {isa = PBXBuildFile; fileRef = B30A58E21F7D1B5D002F1AC8 /* CreateDiaryCollectionViewCell.swift */; };
		B319BC141F7D68830088220D /* CreateDiaryCollectionView.swift in Sources */ = {isa = PBXBuildFile; fileRef = B319BC131F7D68820088220D /* CreateDiaryCollectionView.swift */; };
		B32E8F9C1F8213630009431E /* addCell.png in Resources */ = {isa = PBXBuildFile; fileRef = B346B6151F8176670060DE0E /* addCell.png */; };
		B32E8F9D1F8213630009431E /* addCell@2x.png in Resources */ = {isa = PBXBuildFile; fileRef = B32E8F9B1F82135F0009431E /* addCell@2x.png */; };
		B32E8F9E1F8213630009431E /* addCell@3x.png in Resources */ = {isa = PBXBuildFile; fileRef = B346B6161F8176680060DE0E /* addCell@3x.png */; };
		B32E8FA51F8234460009431E /* cancel.png in Resources */ = {isa = PBXBuildFile; fileRef = B32E8FA11F82343D0009431E /* cancel.png */; };
		B32E8FA61F8234460009431E /* cancel@2x.png in Resources */ = {isa = PBXBuildFile; fileRef = B32E8FA41F82343F0009431E /* cancel@2x.png */; };
		B32E8FA71F8234460009431E /* cancel@3x.png in Resources */ = {isa = PBXBuildFile; fileRef = B32E8FA01F82343C0009431E /* cancel@3x.png */; };
		B32E8FA81F8234460009431E /* checked.png in Resources */ = {isa = PBXBuildFile; fileRef = B32E8FA21F82343D0009431E /* checked.png */; };
		B32E8FA91F8234460009431E /* checked@2x.png in Resources */ = {isa = PBXBuildFile; fileRef = B32E8FA31F82343E0009431E /* checked@2x.png */; };
		B32E8FAA1F8234460009431E /* checked@3x.png in Resources */ = {isa = PBXBuildFile; fileRef = B32E8F9F1F82343B0009431E /* checked@3x.png */; };
		B32E8FAC1F8242BB0009431E /* CreateDiaryHeaderCollectionReusableView.swift in Sources */ = {isa = PBXBuildFile; fileRef = B32E8FAB1F8242BB0009431E /* CreateDiaryHeaderCollectionReusableView.swift */; };
		B346B6181F8191170060DE0E /* CreateDiaryFooterCollectionReusableView.swift in Sources */ = {isa = PBXBuildFile; fileRef = B346B6171F8191170060DE0E /* CreateDiaryFooterCollectionReusableView.swift */; };
		B37FC2681F7A5383000E83F4 /* plue.png in Resources */ = {isa = PBXBuildFile; fileRef = B37FC2661F7A5375000E83F4 /* plue.png */; };
		B37FC2691F7A5383000E83F4 /* plue@2x.png in Resources */ = {isa = PBXBuildFile; fileRef = B37FC2671F7A5377000E83F4 /* plue@2x.png */; };
		B37FC26A1F7A5383000E83F4 /* plue@3x.png in Resources */ = {isa = PBXBuildFile; fileRef = B37FC2651F7A5372000E83F4 /* plue@3x.png */; };
		B37FC26C1F7A57CC000E83F4 /* CreateDiary.storyboard in Resources */ = {isa = PBXBuildFile; fileRef = B37FC26B1F7A57CC000E83F4 /* CreateDiary.storyboard */; };
		B38C14B81F78B83F000F61F7 /* GenRyuMinTW-Bold.ttf in Resources */ = {isa = PBXBuildFile; fileRef = B38C14B61F78B83A000F61F7 /* GenRyuMinTW-Bold.ttf */; };
		B38C14BA1F78C81B000F61F7 /* UITextFont_Extension.swift in Sources */ = {isa = PBXBuildFile; fileRef = B38C14B91F78C81B000F61F7 /* UITextFont_Extension.swift */; };
		B38C14CC1F78EF1B000F61F7 /* Akrobat-Bold.otf in Resources */ = {isa = PBXBuildFile; fileRef = B38C14C01F78EED3000F61F7 /* Akrobat-Bold.otf */; };
		B38C14DA1F792303000F61F7 /* hollowStar.png in Resources */ = {isa = PBXBuildFile; fileRef = B38C14D31F790B03000F61F7 /* hollowStar.png */; };
		B38C14DB1F792303000F61F7 /* hollowStar@2x.png in Resources */ = {isa = PBXBuildFile; fileRef = B38C14D51F790B05000F61F7 /* hollowStar@2x.png */; };
		B38C14DC1F792303000F61F7 /* hollowStar@3x.png in Resources */ = {isa = PBXBuildFile; fileRef = B38C14D41F790B04000F61F7 /* hollowStar@3x.png */; };
		B38C14DD1F792303000F61F7 /* solidStar.png in Resources */ = {isa = PBXBuildFile; fileRef = B38C14D81F790B29000F61F7 /* solidStar.png */; };
		B38C14DE1F792303000F61F7 /* solidStar@2x.png in Resources */ = {isa = PBXBuildFile; fileRef = B38C14D91F790B29000F61F7 /* solidStar@2x.png */; };
		B38C14DF1F792303000F61F7 /* solidStar@3x.png in Resources */ = {isa = PBXBuildFile; fileRef = B38C14D71F790B29000F61F7 /* solidStar@3x.png */; };
		B3CFFDFE1F6F6C2E00861E70 /* MainMasonryCollectionViewController.swift in Sources */ = {isa = PBXBuildFile; fileRef = B3CFFDFD1F6F6C2E00861E70 /* MainMasonryCollectionViewController.swift */; };
		B3CFFE001F6F6C4100861E70 /* MainMasonryCollectionViewCell.swift in Sources */ = {isa = PBXBuildFile; fileRef = B3CFFDFF1F6F6C4100861E70 /* MainMasonryCollectionViewCell.swift */; };
		B3CFFE021F6F6C5500861E70 /* MainMasonryFlowLayout.swift in Sources */ = {isa = PBXBuildFile; fileRef = B3CFFE011F6F6C5500861E70 /* MainMasonryFlowLayout.swift */; };
		B3CFFE0B1F6F6CE300861E70 /* 00.jpg in Resources */ = {isa = PBXBuildFile; fileRef = B3CFFE041F6F6CE300861E70 /* 00.jpg */; };
		B3CFFE0C1F6F6CE300861E70 /* 01.jpg in Resources */ = {isa = PBXBuildFile; fileRef = B3CFFE051F6F6CE300861E70 /* 01.jpg */; };
		B3CFFE0D1F6F6CE300861E70 /* 02.jpg in Resources */ = {isa = PBXBuildFile; fileRef = B3CFFE061F6F6CE300861E70 /* 02.jpg */; };
		B3CFFE0E1F6F6CE300861E70 /* 03.jpg in Resources */ = {isa = PBXBuildFile; fileRef = B3CFFE071F6F6CE300861E70 /* 03.jpg */; };
		B3CFFE0F1F6F6CE300861E70 /* 04.jpg in Resources */ = {isa = PBXBuildFile; fileRef = B3CFFE081F6F6CE300861E70 /* 04.jpg */; };
		B3CFFE101F6F6CE300861E70 /* 05.jpg in Resources */ = {isa = PBXBuildFile; fileRef = B3CFFE091F6F6CE300861E70 /* 05.jpg */; };
		B3CFFE111F6F6CE300861E70 /* 06.jpg in Resources */ = {isa = PBXBuildFile; fileRef = B3CFFE0A1F6F6CE300861E70 /* 06.jpg */; };
		B3CFFE171F6FD9D200861E70 /* FakeDataManager.swift in Sources */ = {isa = PBXBuildFile; fileRef = B3CFFE161F6FD9D200861E70 /* FakeDataManager.swift */; };
		B3F842A21F7E299F00806610 /* CreateDiaryViewController.swift in Sources */ = {isa = PBXBuildFile; fileRef = B3F842A11F7E299F00806610 /* CreateDiaryViewController.swift */; };
		B3F842A31F7E625500806610 /* GenRyuMinTW-Regular.ttf in Resources */ = {isa = PBXBuildFile; fileRef = B30A58DF1F7CE4A4002F1AC8 /* GenRyuMinTW-Regular.ttf */; };
/* End PBXBuildFile section */

/* Begin PBXFileReference section */
		12177BB31F1F7A2C00CA49CD /* BPT103-Project-Foodaily.app */ = {isa = PBXFileReference; explicitFileType = wrapper.application; includeInIndex = 0; path = "BPT103-Project-Foodaily.app"; sourceTree = BUILT_PRODUCTS_DIR; };
		12177BB61F1F7A2C00CA49CD /* AppDelegate.swift */ = {isa = PBXFileReference; lastKnownFileType = sourcecode.swift; path = AppDelegate.swift; sourceTree = "<group>"; };
		12177BB81F1F7A2C00CA49CD /* ViewController.swift */ = {isa = PBXFileReference; lastKnownFileType = sourcecode.swift; path = ViewController.swift; sourceTree = "<group>"; };
		12177BBB1F1F7A2C00CA49CD /* Base */ = {isa = PBXFileReference; lastKnownFileType = file.storyboard; name = Base; path = Base.lproj/Main.storyboard; sourceTree = "<group>"; };
		12177BC01F1F7A2D00CA49CD /* Base */ = {isa = PBXFileReference; lastKnownFileType = file.storyboard; name = Base; path = Base.lproj/LaunchScreen.storyboard; sourceTree = "<group>"; };
		12177BC21F1F7A2D00CA49CD /* Info.plist */ = {isa = PBXFileReference; lastKnownFileType = text.plist.xml; path = Info.plist; sourceTree = "<group>"; };
		1227DB351F78D9B300023A18 /* UITextField+Placeholder.swift */ = {isa = PBXFileReference; lastKnownFileType = sourcecode.swift; path = "UITextField+Placeholder.swift"; sourceTree = "<group>"; };
		1227DB391F78F7A600023A18 /* FooDaily color ticket.png */ = {isa = PBXFileReference; lastKnownFileType = image.png; path = "FooDaily color ticket.png"; sourceTree = "<group>"; };
		123B88981F7826BC005FB718 /* MemberSignInAndOutViewController.swift */ = {isa = PBXFileReference; lastKnownFileType = sourcecode.swift; path = MemberSignInAndOutViewController.swift; sourceTree = "<group>"; };
		123B889A1F782AD7005FB718 /* UINavigationController+Transparent.swift */ = {isa = PBXFileReference; lastKnownFileType = sourcecode.swift; path = "UINavigationController+Transparent.swift"; sourceTree = "<group>"; };
		123B889E1F782C11005FB718 /* MemberLogInPage.swift */ = {isa = PBXFileReference; lastKnownFileType = sourcecode.swift; path = MemberLogInPage.swift; sourceTree = "<group>"; };
		123B88A01F783F0C005FB718 /* MemberForgetPasswordPage.swift */ = {isa = PBXFileReference; lastKnownFileType = sourcecode.swift; path = MemberForgetPasswordPage.swift; sourceTree = "<group>"; };
		123B88A21F783FA2005FB718 /* MemberCreateAccountPage.swift */ = {isa = PBXFileReference; lastKnownFileType = sourcecode.swift; path = MemberCreateAccountPage.swift; sourceTree = "<group>"; };
		123B88A41F7850C4005FB718 /* MemberProfiolePage.swift */ = {isa = PBXFileReference; lastKnownFileType = sourcecode.swift; path = MemberProfiolePage.swift; sourceTree = "<group>"; };
		123B88A61F785539005FB718 /* GoogleService-Info.plist */ = {isa = PBXFileReference; fileEncoding = 4; lastKnownFileType = text.plist.xml; path = "GoogleService-Info.plist"; sourceTree = "<group>"; };
		12826F191F6B4F98008297C0 /* ContentPageView-01.swift */ = {isa = PBXFileReference; fileEncoding = 4; lastKnownFileType = sourcecode.swift; path = "ContentPageView-01.swift"; sourceTree = "<group>"; };
		12826F1B1F6B4FBC008297C0 /* ContentPageView_02.swift */ = {isa = PBXFileReference; fileEncoding = 4; lastKnownFileType = sourcecode.swift; path = ContentPageView_02.swift; sourceTree = "<group>"; };
		12826F1D1F6B4FCD008297C0 /* ContentPageView_03.swift */ = {isa = PBXFileReference; fileEncoding = 4; lastKnownFileType = sourcecode.swift; path = ContentPageView_03.swift; sourceTree = "<group>"; };
		12826F1F1F6B5934008297C0 /* RootPageView.swift */ = {isa = PBXFileReference; fileEncoding = 4; lastKnownFileType = sourcecode.swift; path = RootPageView.swift; sourceTree = "<group>"; };
		12826F211F6B596D008297C0 /* PageViewController.swift */ = {isa = PBXFileReference; fileEncoding = 4; lastKnownFileType = sourcecode.swift; path = PageViewController.swift; sourceTree = "<group>"; };
		12B71D581F8A137E0027589D /* DataManager.swift */ = {isa = PBXFileReference; lastKnownFileType = sourcecode.swift; path = DataManager.swift; sourceTree = "<group>"; };
		12B71D5D1F921A250027589D /* DiaryItem.swift */ = {isa = PBXFileReference; lastKnownFileType = sourcecode.swift; path = DiaryItem.swift; sourceTree = "<group>"; };
		12F9349B1F20DBA600E8858E /* newDailyViewController.swift */ = {isa = PBXFileReference; fileEncoding = 4; lastKnownFileType = sourcecode.swift; path = newDailyViewController.swift; sourceTree = "<group>"; };
		12F9349D1F20DBCD00E8858E /* wantToEatViewController.swift */ = {isa = PBXFileReference; fileEncoding = 4; lastKnownFileType = sourcecode.swift; path = wantToEatViewController.swift; sourceTree = "<group>"; };
		12F934A71F20E56900E8858E /* statisticsViewController.swift */ = {isa = PBXFileReference; fileEncoding = 4; lastKnownFileType = sourcecode.swift; path = statisticsViewController.swift; sourceTree = "<group>"; };
		12F934AB1F20EB5000E8858E /* memoPageViewController.swift */ = {isa = PBXFileReference; fileEncoding = 4; lastKnownFileType = sourcecode.swift; path = memoPageViewController.swift; sourceTree = "<group>"; };
		12FD67C71F20767B0021EDD6 /* Assets.xcassets */ = {isa = PBXFileReference; lastKnownFileType = folder.assetcatalog; path = Assets.xcassets; sourceTree = "<group>"; };
		1E4A4D5F87B3827849C6E37E /* Pods-BPT103-Project-Foodaily.debug.xcconfig */ = {isa = PBXFileReference; includeInIndex = 1; lastKnownFileType = text.xcconfig; name = "Pods-BPT103-Project-Foodaily.debug.xcconfig"; path = "Pods/Target Support Files/Pods-BPT103-Project-Foodaily/Pods-BPT103-Project-Foodaily.debug.xcconfig"; sourceTree = "<group>"; };
		9DE7F78C34D3F59D174D26B7 /* Pods_BPT103_Project_Foodaily.framework */ = {isa = PBXFileReference; explicitFileType = wrapper.framework; includeInIndex = 0; path = Pods_BPT103_Project_Foodaily.framework; sourceTree = BUILT_PRODUCTS_DIR; };
		B30A58D91F7CE33A002F1AC8 /* camera.png */ = {isa = PBXFileReference; lastKnownFileType = image.png; path = camera.png; sourceTree = "<group>"; };
		B30A58DA1F7CE33B002F1AC8 /* camera@3x.png */ = {isa = PBXFileReference; lastKnownFileType = image.png; path = "camera@3x.png"; sourceTree = "<group>"; };
		B30A58DB1F7CE33B002F1AC8 /* camera@2x.png */ = {isa = PBXFileReference; lastKnownFileType = image.png; path = "camera@2x.png"; sourceTree = "<group>"; };
		B30A58DF1F7CE4A4002F1AC8 /* GenRyuMinTW-Regular.ttf */ = {isa = PBXFileReference; lastKnownFileType = file; path = "GenRyuMinTW-Regular.ttf"; sourceTree = "<group>"; };
		B30A58E01F7CE5D8002F1AC8 /* CreateDiaryPageView_01.swift */ = {isa = PBXFileReference; lastKnownFileType = sourcecode.swift; path = CreateDiaryPageView_01.swift; sourceTree = "<group>"; };
		B30A58E21F7D1B5D002F1AC8 /* CreateDiaryCollectionViewCell.swift */ = {isa = PBXFileReference; lastKnownFileType = sourcecode.swift; path = CreateDiaryCollectionViewCell.swift; sourceTree = "<group>"; };
		B319BC131F7D68820088220D /* CreateDiaryCollectionView.swift */ = {isa = PBXFileReference; lastKnownFileType = sourcecode.swift; path = CreateDiaryCollectionView.swift; sourceTree = "<group>"; };
		B32E8F9B1F82135F0009431E /* addCell@2x.png */ = {isa = PBXFileReference; lastKnownFileType = image.png; path = "addCell@2x.png"; sourceTree = "<group>"; };
		B32E8F9F1F82343B0009431E /* checked@3x.png */ = {isa = PBXFileReference; lastKnownFileType = image.png; path = "checked@3x.png"; sourceTree = "<group>"; };
		B32E8FA01F82343C0009431E /* cancel@3x.png */ = {isa = PBXFileReference; lastKnownFileType = image.png; path = "cancel@3x.png"; sourceTree = "<group>"; };
		B32E8FA11F82343D0009431E /* cancel.png */ = {isa = PBXFileReference; lastKnownFileType = image.png; path = cancel.png; sourceTree = "<group>"; };
		B32E8FA21F82343D0009431E /* checked.png */ = {isa = PBXFileReference; lastKnownFileType = image.png; path = checked.png; sourceTree = "<group>"; };
		B32E8FA31F82343E0009431E /* checked@2x.png */ = {isa = PBXFileReference; lastKnownFileType = image.png; path = "checked@2x.png"; sourceTree = "<group>"; };
		B32E8FA41F82343F0009431E /* cancel@2x.png */ = {isa = PBXFileReference; lastKnownFileType = image.png; path = "cancel@2x.png"; sourceTree = "<group>"; };
		B32E8FAB1F8242BB0009431E /* CreateDiaryHeaderCollectionReusableView.swift */ = {isa = PBXFileReference; lastKnownFileType = sourcecode.swift; path = CreateDiaryHeaderCollectionReusableView.swift; sourceTree = "<group>"; };
		B346B6151F8176670060DE0E /* addCell.png */ = {isa = PBXFileReference; lastKnownFileType = image.png; path = addCell.png; sourceTree = "<group>"; };
		B346B6161F8176680060DE0E /* addCell@3x.png */ = {isa = PBXFileReference; lastKnownFileType = image.png; path = "addCell@3x.png"; sourceTree = "<group>"; };
		B346B6171F8191170060DE0E /* CreateDiaryFooterCollectionReusableView.swift */ = {isa = PBXFileReference; lastKnownFileType = sourcecode.swift; path = CreateDiaryFooterCollectionReusableView.swift; sourceTree = "<group>"; };
		B37FC2651F7A5372000E83F4 /* plue@3x.png */ = {isa = PBXFileReference; lastKnownFileType = image.png; path = "plue@3x.png"; sourceTree = "<group>"; };
		B37FC2661F7A5375000E83F4 /* plue.png */ = {isa = PBXFileReference; lastKnownFileType = image.png; path = plue.png; sourceTree = "<group>"; };
		B37FC2671F7A5377000E83F4 /* plue@2x.png */ = {isa = PBXFileReference; lastKnownFileType = image.png; path = "plue@2x.png"; sourceTree = "<group>"; };
		B37FC26B1F7A57CC000E83F4 /* CreateDiary.storyboard */ = {isa = PBXFileReference; lastKnownFileType = file.storyboard; path = CreateDiary.storyboard; sourceTree = "<group>"; };
		B38C14B61F78B83A000F61F7 /* GenRyuMinTW-Bold.ttf */ = {isa = PBXFileReference; lastKnownFileType = file; path = "GenRyuMinTW-Bold.ttf"; sourceTree = "<group>"; };
		B38C14B91F78C81B000F61F7 /* UITextFont_Extension.swift */ = {isa = PBXFileReference; lastKnownFileType = sourcecode.swift; path = UITextFont_Extension.swift; sourceTree = "<group>"; };
		B38C14C01F78EED3000F61F7 /* Akrobat-Bold.otf */ = {isa = PBXFileReference; lastKnownFileType = file; path = "Akrobat-Bold.otf"; sourceTree = "<group>"; };
		B38C14D31F790B03000F61F7 /* hollowStar.png */ = {isa = PBXFileReference; lastKnownFileType = image.png; path = hollowStar.png; sourceTree = "<group>"; };
		B38C14D41F790B04000F61F7 /* hollowStar@3x.png */ = {isa = PBXFileReference; lastKnownFileType = image.png; path = "hollowStar@3x.png"; sourceTree = "<group>"; };
		B38C14D51F790B05000F61F7 /* hollowStar@2x.png */ = {isa = PBXFileReference; lastKnownFileType = image.png; path = "hollowStar@2x.png"; sourceTree = "<group>"; };
		B38C14D71F790B29000F61F7 /* solidStar@3x.png */ = {isa = PBXFileReference; lastKnownFileType = image.png; path = "solidStar@3x.png"; sourceTree = "<group>"; };
		B38C14D81F790B29000F61F7 /* solidStar.png */ = {isa = PBXFileReference; lastKnownFileType = image.png; path = solidStar.png; sourceTree = "<group>"; };
		B38C14D91F790B29000F61F7 /* solidStar@2x.png */ = {isa = PBXFileReference; lastKnownFileType = image.png; path = "solidStar@2x.png"; sourceTree = "<group>"; };
		B3CFFDFD1F6F6C2E00861E70 /* MainMasonryCollectionViewController.swift */ = {isa = PBXFileReference; fileEncoding = 4; lastKnownFileType = sourcecode.swift; path = MainMasonryCollectionViewController.swift; sourceTree = "<group>"; };
		B3CFFDFF1F6F6C4100861E70 /* MainMasonryCollectionViewCell.swift */ = {isa = PBXFileReference; fileEncoding = 4; lastKnownFileType = sourcecode.swift; path = MainMasonryCollectionViewCell.swift; sourceTree = "<group>"; };
		B3CFFE011F6F6C5500861E70 /* MainMasonryFlowLayout.swift */ = {isa = PBXFileReference; fileEncoding = 4; lastKnownFileType = sourcecode.swift; path = MainMasonryFlowLayout.swift; sourceTree = "<group>"; };
		B3CFFE041F6F6CE300861E70 /* 00.jpg */ = {isa = PBXFileReference; lastKnownFileType = image.jpeg; path = 00.jpg; sourceTree = "<group>"; };
		B3CFFE051F6F6CE300861E70 /* 01.jpg */ = {isa = PBXFileReference; lastKnownFileType = image.jpeg; path = 01.jpg; sourceTree = "<group>"; };
		B3CFFE061F6F6CE300861E70 /* 02.jpg */ = {isa = PBXFileReference; lastKnownFileType = image.jpeg; path = 02.jpg; sourceTree = "<group>"; };
		B3CFFE071F6F6CE300861E70 /* 03.jpg */ = {isa = PBXFileReference; lastKnownFileType = image.jpeg; path = 03.jpg; sourceTree = "<group>"; };
		B3CFFE081F6F6CE300861E70 /* 04.jpg */ = {isa = PBXFileReference; lastKnownFileType = image.jpeg; path = 04.jpg; sourceTree = "<group>"; };
		B3CFFE091F6F6CE300861E70 /* 05.jpg */ = {isa = PBXFileReference; lastKnownFileType = image.jpeg; path = 05.jpg; sourceTree = "<group>"; };
		B3CFFE0A1F6F6CE300861E70 /* 06.jpg */ = {isa = PBXFileReference; lastKnownFileType = image.jpeg; path = 06.jpg; sourceTree = "<group>"; };
		B3CFFE161F6FD9D200861E70 /* FakeDataManager.swift */ = {isa = PBXFileReference; fileEncoding = 4; lastKnownFileType = sourcecode.swift; path = FakeDataManager.swift; sourceTree = "<group>"; };
		B3F842A11F7E299F00806610 /* CreateDiaryViewController.swift */ = {isa = PBXFileReference; lastKnownFileType = sourcecode.swift; path = CreateDiaryViewController.swift; sourceTree = "<group>"; };
		C5E0299527D4856C95BA434E /* Pods-BPT103-Project-Foodaily.release.xcconfig */ = {isa = PBXFileReference; includeInIndex = 1; lastKnownFileType = text.xcconfig; name = "Pods-BPT103-Project-Foodaily.release.xcconfig"; path = "Pods/Target Support Files/Pods-BPT103-Project-Foodaily/Pods-BPT103-Project-Foodaily.release.xcconfig"; sourceTree = "<group>"; };
/* End PBXFileReference section */

/* Begin PBXFrameworksBuildPhase section */
		12177BB01F1F7A2C00CA49CD /* Frameworks */ = {
			isa = PBXFrameworksBuildPhase;
			buildActionMask = 2147483647;
			files = (
				6A333927ED366EBC1DE8E905 /* Pods_BPT103_Project_Foodaily.framework in Frameworks */,
			);
			runOnlyForDeploymentPostprocessing = 0;
		};
/* End PBXFrameworksBuildPhase section */

/* Begin PBXGroup section */
		12177BAA1F1F7A2C00CA49CD = {
			isa = PBXGroup;
			children = (
				12177BB51F1F7A2C00CA49CD /* BPT103-Project-Foodaily */,
				12177BB41F1F7A2C00CA49CD /* Products */,
				C7BF0DF1FEF56731E63A547A /* Pods */,
				DD44CF07B0EAA4EC9408A1D6 /* Frameworks */,
			);
			sourceTree = "<group>";
		};
		12177BB41F1F7A2C00CA49CD /* Products */ = {
			isa = PBXGroup;
			children = (
				12177BB31F1F7A2C00CA49CD /* BPT103-Project-Foodaily.app */,
			);
			name = Products;
			sourceTree = "<group>";
		};
		12177BB51F1F7A2C00CA49CD /* BPT103-Project-Foodaily */ = {
			isa = PBXGroup;
			children = (
				12177BB61F1F7A2C00CA49CD /* AppDelegate.swift */,
				1275436D1F8A0CDA0064BDC7 /* Model */,
				1275436C1F8A0A200064BDC7 /* Resources */,
				1227DC111F81E66500023A18 /* Old Pages */,
				12826F231F6B67C1008297C0 /* WelcomePageView */,
				123B889D1F782B05005FB718 /* Member LogIn/Out Pages */,
				B3CFFDFC1F6F6C1000861E70 /* MainView */,
				B37FC26D1F7A5A93000E83F4 /* CreateDiary */,
				123B889C1F782AE5005FB718 /* Extension */,
				12177BBA1F1F7A2C00CA49CD /* Main.storyboard */,
				12177BBF1F1F7A2D00CA49CD /* LaunchScreen.storyboard */,
				12FD67C71F20767B0021EDD6 /* Assets.xcassets */,
				12177BC21F1F7A2D00CA49CD /* Info.plist */,
				123B88A61F785539005FB718 /* GoogleService-Info.plist */,
			);
			path = "BPT103-Project-Foodaily";
			sourceTree = "<group>";
		};
		1227DC111F81E66500023A18 /* Old Pages */ = {
			isa = PBXGroup;
			children = (
				12177BB81F1F7A2C00CA49CD /* ViewController.swift */,
				12F9349B1F20DBA600E8858E /* newDailyViewController.swift */,
				12F9349D1F20DBCD00E8858E /* wantToEatViewController.swift */,
				12F934A71F20E56900E8858E /* statisticsViewController.swift */,
				12F934AB1F20EB5000E8858E /* memoPageViewController.swift */,
			);
			name = "Old Pages";
			sourceTree = "<group>";
		};
		123B889C1F782AE5005FB718 /* Extension */ = {
			isa = PBXGroup;
			children = (
				1227DB351F78D9B300023A18 /* UITextField+Placeholder.swift */,
				123B889A1F782AD7005FB718 /* UINavigationController+Transparent.swift */,
				B38C14B91F78C81B000F61F7 /* UITextFont_Extension.swift */,
			);
			name = Extension;
			sourceTree = "<group>";
		};
		123B889D1F782B05005FB718 /* Member LogIn/Out Pages */ = {
			isa = PBXGroup;
			children = (
				123B88981F7826BC005FB718 /* MemberSignInAndOutViewController.swift */,
				123B889E1F782C11005FB718 /* MemberLogInPage.swift */,
				123B88A01F783F0C005FB718 /* MemberForgetPasswordPage.swift */,
				123B88A21F783FA2005FB718 /* MemberCreateAccountPage.swift */,
				123B88A41F7850C4005FB718 /* MemberProfiolePage.swift */,
			);
			name = "Member LogIn/Out Pages";
			sourceTree = "<group>";
		};
		1275436C1F8A0A200064BDC7 /* Resources */ = {
			isa = PBXGroup;
			children = (
				1227DB391F78F7A600023A18 /* FooDaily color ticket.png */,
				B37005261F78ACA1003A0CC9 /* Text Fonts */,
				B38C14D61F790B14000F61F7 /* App Icons */,
				B3CFFE031F6F6CCA00861E70 /* Mainview's Fake Images */,
			);
			path = Resources;
			sourceTree = "<group>";
		};
		1275436D1F8A0CDA0064BDC7 /* Model */ = {
			isa = PBXGroup;
			children = (
				B3CFFE161F6FD9D200861E70 /* FakeDataManager.swift */,
				12B71D5D1F921A250027589D /* DiaryItem.swift */,
				12B71D581F8A137E0027589D /* DataManager.swift */,
			);
			path = Model;
			sourceTree = "<group>";
		};
		12826F231F6B67C1008297C0 /* WelcomePageView */ = {
			isa = PBXGroup;
			children = (
				12826F1F1F6B5934008297C0 /* RootPageView.swift */,
				12826F211F6B596D008297C0 /* PageViewController.swift */,
				12826F191F6B4F98008297C0 /* ContentPageView-01.swift */,
				12826F1B1F6B4FBC008297C0 /* ContentPageView_02.swift */,
				12826F1D1F6B4FCD008297C0 /* ContentPageView_03.swift */,
			);
			name = WelcomePageView;
			sourceTree = "<group>";
		};
		B37005261F78ACA1003A0CC9 /* Text Fonts */ = {
			isa = PBXGroup;
			children = (
				B38C14C01F78EED3000F61F7 /* Akrobat-Bold.otf */,
				B38C14B61F78B83A000F61F7 /* GenRyuMinTW-Bold.ttf */,
				B30A58DF1F7CE4A4002F1AC8 /* GenRyuMinTW-Regular.ttf */,
			);
			name = "Text Fonts";
			path = ..;
			sourceTree = "<group>";
		};
		B37FC26D1F7A5A93000E83F4 /* CreateDiary */ = {
			isa = PBXGroup;
			children = (
				B37FC26B1F7A57CC000E83F4 /* CreateDiary.storyboard */,
				B3F842A11F7E299F00806610 /* CreateDiaryViewController.swift */,
				B30A58E21F7D1B5D002F1AC8 /* CreateDiaryCollectionViewCell.swift */,
				B32E8FAB1F8242BB0009431E /* CreateDiaryHeaderCollectionReusableView.swift */,
				B346B6171F8191170060DE0E /* CreateDiaryFooterCollectionReusableView.swift */,
				B319BC131F7D68820088220D /* CreateDiaryCollectionView.swift */,
				B30A58E01F7CE5D8002F1AC8 /* CreateDiaryPageView_01.swift */,
			);
			name = CreateDiary;
			sourceTree = "<group>";
		};
		B38C14D61F790B14000F61F7 /* App Icons */ = {
			isa = PBXGroup;
			children = (
				B32E8FA11F82343D0009431E /* cancel.png */,
				B32E8FA41F82343F0009431E /* cancel@2x.png */,
				B32E8FA01F82343C0009431E /* cancel@3x.png */,
				B32E8FA21F82343D0009431E /* checked.png */,
				B32E8FA31F82343E0009431E /* checked@2x.png */,
				B32E8F9F1F82343B0009431E /* checked@3x.png */,
				B346B6151F8176670060DE0E /* addCell.png */,
				B32E8F9B1F82135F0009431E /* addCell@2x.png */,
				B346B6161F8176680060DE0E /* addCell@3x.png */,
				B30A58D91F7CE33A002F1AC8 /* camera.png */,
				B30A58DB1F7CE33B002F1AC8 /* camera@2x.png */,
				B30A58DA1F7CE33B002F1AC8 /* camera@3x.png */,
				B37FC2661F7A5375000E83F4 /* plue.png */,
				B37FC2671F7A5377000E83F4 /* plue@2x.png */,
				B37FC2651F7A5372000E83F4 /* plue@3x.png */,
				B38C14D31F790B03000F61F7 /* hollowStar.png */,
				B38C14D51F790B05000F61F7 /* hollowStar@2x.png */,
				B38C14D41F790B04000F61F7 /* hollowStar@3x.png */,
				B38C14D81F790B29000F61F7 /* solidStar.png */,
				B38C14D91F790B29000F61F7 /* solidStar@2x.png */,
				B38C14D71F790B29000F61F7 /* solidStar@3x.png */,
			);
			name = "App Icons";
			path = ..;
			sourceTree = "<group>";
		};
		B3CFFDFC1F6F6C1000861E70 /* MainView */ = {
			isa = PBXGroup;
			children = (
				B3CFFDFD1F6F6C2E00861E70 /* MainMasonryCollectionViewController.swift */,
				B3CFFDFF1F6F6C4100861E70 /* MainMasonryCollectionViewCell.swift */,
				B3CFFE011F6F6C5500861E70 /* MainMasonryFlowLayout.swift */,
			);
			name = MainView;
			sourceTree = "<group>";
		};
		B3CFFE031F6F6CCA00861E70 /* Mainview's Fake Images */ = {
			isa = PBXGroup;
			children = (
				B3CFFE041F6F6CE300861E70 /* 00.jpg */,
				B3CFFE051F6F6CE300861E70 /* 01.jpg */,
				B3CFFE061F6F6CE300861E70 /* 02.jpg */,
				B3CFFE071F6F6CE300861E70 /* 03.jpg */,
				B3CFFE081F6F6CE300861E70 /* 04.jpg */,
				B3CFFE091F6F6CE300861E70 /* 05.jpg */,
				B3CFFE0A1F6F6CE300861E70 /* 06.jpg */,
			);
			name = "Mainview's Fake Images";
			path = ..;
			sourceTree = "<group>";
		};
		C7BF0DF1FEF56731E63A547A /* Pods */ = {
			isa = PBXGroup;
			children = (
				1E4A4D5F87B3827849C6E37E /* Pods-BPT103-Project-Foodaily.debug.xcconfig */,
				C5E0299527D4856C95BA434E /* Pods-BPT103-Project-Foodaily.release.xcconfig */,
			);
			name = Pods;
			sourceTree = "<group>";
		};
		DD44CF07B0EAA4EC9408A1D6 /* Frameworks */ = {
			isa = PBXGroup;
			children = (
				9DE7F78C34D3F59D174D26B7 /* Pods_BPT103_Project_Foodaily.framework */,
			);
			name = Frameworks;
			sourceTree = "<group>";
		};
/* End PBXGroup section */

/* Begin PBXNativeTarget section */
		12177BB21F1F7A2C00CA49CD /* BPT103-Project-Foodaily */ = {
			isa = PBXNativeTarget;
			buildConfigurationList = 12177BC51F1F7A2D00CA49CD /* Build configuration list for PBXNativeTarget "BPT103-Project-Foodaily" */;
			buildPhases = (
				D21261C21DC028D313B379EE /* [CP] Check Pods Manifest.lock */,
				12177BAF1F1F7A2C00CA49CD /* Sources */,
				12177BB01F1F7A2C00CA49CD /* Frameworks */,
				12177BB11F1F7A2C00CA49CD /* Resources */,
				B9F2465C699343A8B5D6477B /* [CP] Embed Pods Frameworks */,
				1829E84E830C967D62BD506C /* [CP] Copy Pods Resources */,
			);
			buildRules = (
			);
			dependencies = (
			);
			name = "BPT103-Project-Foodaily";
			productName = "BPT103-Project-Foodaily";
			productReference = 12177BB31F1F7A2C00CA49CD /* BPT103-Project-Foodaily.app */;
			productType = "com.apple.product-type.application";
		};
/* End PBXNativeTarget section */

/* Begin PBXProject section */
		12177BAB1F1F7A2C00CA49CD /* Project object */ = {
			isa = PBXProject;
			attributes = {
				LastSwiftUpdateCheck = 0830;
				LastUpgradeCheck = 0900;
				ORGANIZATIONNAME = RaboLu;
				TargetAttributes = {
					12177BB21F1F7A2C00CA49CD = {
						CreatedOnToolsVersion = 8.3.3;
						ProvisioningStyle = Automatic;
					};
				};
			};
			buildConfigurationList = 12177BAE1F1F7A2C00CA49CD /* Build configuration list for PBXProject "BPT103-Project-Foodaily" */;
			compatibilityVersion = "Xcode 3.2";
			developmentRegion = English;
			hasScannedForEncodings = 0;
			knownRegions = (
				en,
				Base,
			);
			mainGroup = 12177BAA1F1F7A2C00CA49CD;
			productRefGroup = 12177BB41F1F7A2C00CA49CD /* Products */;
			projectDirPath = "";
			projectRoot = "";
			targets = (
				12177BB21F1F7A2C00CA49CD /* BPT103-Project-Foodaily */,
			);
		};
/* End PBXProject section */

/* Begin PBXResourcesBuildPhase section */
		12177BB11F1F7A2C00CA49CD /* Resources */ = {
			isa = PBXResourcesBuildPhase;
			buildActionMask = 2147483647;
			files = (
				B32E8FA61F8234460009431E /* cancel@2x.png in Resources */,
				B38C14DC1F792303000F61F7 /* hollowStar@3x.png in Resources */,
				B30A58DE1F7CE342002F1AC8 /* camera@3x.png in Resources */,
				B37FC26A1F7A5383000E83F4 /* plue@3x.png in Resources */,
				B32E8FA51F8234460009431E /* cancel.png in Resources */,
				B3CFFE0E1F6F6CE300861E70 /* 03.jpg in Resources */,
				B32E8FAA1F8234460009431E /* checked@3x.png in Resources */,
				B3CFFE0F1F6F6CE300861E70 /* 04.jpg in Resources */,
				B3F842A31F7E625500806610 /* GenRyuMinTW-Regular.ttf in Resources */,
				B30A58DC1F7CE342002F1AC8 /* camera.png in Resources */,
				B3CFFE0C1F6F6CE300861E70 /* 01.jpg in Resources */,
				B38C14DA1F792303000F61F7 /* hollowStar.png in Resources */,
				B3CFFE0D1F6F6CE300861E70 /* 02.jpg in Resources */,
				B32E8FA81F8234460009431E /* checked.png in Resources */,
				B3CFFE101F6F6CE300861E70 /* 05.jpg in Resources */,
				B32E8FA91F8234460009431E /* checked@2x.png in Resources */,
				B3CFFE111F6F6CE300861E70 /* 06.jpg in Resources */,
				12177BC11F1F7A2D00CA49CD /* LaunchScreen.storyboard in Resources */,
				B30A58DD1F7CE342002F1AC8 /* camera@2x.png in Resources */,
				B3CFFE0B1F6F6CE300861E70 /* 00.jpg in Resources */,
				B32E8FA71F8234460009431E /* cancel@3x.png in Resources */,
				B38C14CC1F78EF1B000F61F7 /* Akrobat-Bold.otf in Resources */,
				B38C14B81F78B83F000F61F7 /* GenRyuMinTW-Bold.ttf in Resources */,
				B37FC2681F7A5383000E83F4 /* plue.png in Resources */,
				B38C14DE1F792303000F61F7 /* solidStar@2x.png in Resources */,
				12FD67C81F20767B0021EDD6 /* Assets.xcassets in Resources */,
				B32E8F9E1F8213630009431E /* addCell@3x.png in Resources */,
				B38C14DF1F792303000F61F7 /* solidStar@3x.png in Resources */,
				B38C14DB1F792303000F61F7 /* hollowStar@2x.png in Resources */,
				B38C14DD1F792303000F61F7 /* solidStar.png in Resources */,
				B37FC2691F7A5383000E83F4 /* plue@2x.png in Resources */,
				B32E8F9D1F8213630009431E /* addCell@2x.png in Resources */,
				B37FC26C1F7A57CC000E83F4 /* CreateDiary.storyboard in Resources */,
				B32E8F9C1F8213630009431E /* addCell.png in Resources */,
				12177BBC1F1F7A2C00CA49CD /* Main.storyboard in Resources */,
				123B88A71F785539005FB718 /* GoogleService-Info.plist in Resources */,
			);
			runOnlyForDeploymentPostprocessing = 0;
		};
/* End PBXResourcesBuildPhase section */

/* Begin PBXShellScriptBuildPhase section */
		1829E84E830C967D62BD506C /* [CP] Copy Pods Resources */ = {
			isa = PBXShellScriptBuildPhase;
			buildActionMask = 2147483647;
			files = (
			);
			inputPaths = (
			);
			name = "[CP] Copy Pods Resources";
			outputPaths = (
			);
			runOnlyForDeploymentPostprocessing = 0;
			shellPath = /bin/sh;
			shellScript = "\"${SRCROOT}/Pods/Target Support Files/Pods-BPT103-Project-Foodaily/Pods-BPT103-Project-Foodaily-resources.sh\"\n";
			showEnvVarsInLog = 0;
		};
		B9F2465C699343A8B5D6477B /* [CP] Embed Pods Frameworks */ = {
			isa = PBXShellScriptBuildPhase;
			buildActionMask = 2147483647;
			files = (
			);
			inputPaths = (
			);
			name = "[CP] Embed Pods Frameworks";
			outputPaths = (
			);
			runOnlyForDeploymentPostprocessing = 0;
			shellPath = /bin/sh;
			shellScript = "\"${SRCROOT}/Pods/Target Support Files/Pods-BPT103-Project-Foodaily/Pods-BPT103-Project-Foodaily-frameworks.sh\"\n";
			showEnvVarsInLog = 0;
		};
		D21261C21DC028D313B379EE /* [CP] Check Pods Manifest.lock */ = {
			isa = PBXShellScriptBuildPhase;
			buildActionMask = 2147483647;
			files = (
			);
			inputPaths = (
			);
			name = "[CP] Check Pods Manifest.lock";
			outputPaths = (
			);
			runOnlyForDeploymentPostprocessing = 0;
			shellPath = /bin/sh;
			shellScript = "diff \"${PODS_ROOT}/../Podfile.lock\" \"${PODS_ROOT}/Manifest.lock\" > /dev/null\nif [ $? != 0 ] ; then\n    # print error to STDERR\n    echo \"error: The sandbox is not in sync with the Podfile.lock. Run 'pod install' or update your CocoaPods installation.\" >&2\n    exit 1\nfi\n";
			showEnvVarsInLog = 0;
		};
/* End PBXShellScriptBuildPhase section */

/* Begin PBXSourcesBuildPhase section */
		12177BAF1F1F7A2C00CA49CD /* Sources */ = {
			isa = PBXSourcesBuildPhase;
			buildActionMask = 2147483647;
			files = (
				B32E8FAC1F8242BB0009431E /* CreateDiaryHeaderCollectionReusableView.swift in Sources */,
				12B71D591F8A137E0027589D /* DataManager.swift in Sources */,
				12F9349C1F20DBA600E8858E /* newDailyViewController.swift in Sources */,
				B3CFFDFE1F6F6C2E00861E70 /* MainMasonryCollectionViewController.swift in Sources */,
				12826F1E1F6B4FCD008297C0 /* ContentPageView_03.swift in Sources */,
				123B889B1F782AD7005FB718 /* UINavigationController+Transparent.swift in Sources */,
				12826F221F6B596D008297C0 /* PageViewController.swift in Sources */,
				B3CFFE021F6F6C5500861E70 /* MainMasonryFlowLayout.swift in Sources */,
				B3CFFE001F6F6C4100861E70 /* MainMasonryCollectionViewCell.swift in Sources */,
				B346B6181F8191170060DE0E /* CreateDiaryFooterCollectionReusableView.swift in Sources */,
				B30A58E31F7D1B5D002F1AC8 /* CreateDiaryCollectionViewCell.swift in Sources */,
				B38C14BA1F78C81B000F61F7 /* UITextFont_Extension.swift in Sources */,
				123B889F1F782C11005FB718 /* MemberLogInPage.swift in Sources */,
				12F934AC1F20EB5000E8858E /* memoPageViewController.swift in Sources */,
				12177BB91F1F7A2C00CA49CD /* ViewController.swift in Sources */,
				12F9349E1F20DBCD00E8858E /* wantToEatViewController.swift in Sources */,
				123B88A11F783F0C005FB718 /* MemberForgetPasswordPage.swift in Sources */,
				1227DB361F78D9B400023A18 /* UITextField+Placeholder.swift in Sources */,
				12826F201F6B5934008297C0 /* RootPageView.swift in Sources */,
				123B88991F7826BC005FB718 /* MemberSignInAndOutViewController.swift in Sources */,
				12826F1A1F6B4F98008297C0 /* ContentPageView-01.swift in Sources */,
				B3CFFE171F6FD9D200861E70 /* FakeDataManager.swift in Sources */,
				B319BC141F7D68830088220D /* CreateDiaryCollectionView.swift in Sources */,
				B3F842A21F7E299F00806610 /* CreateDiaryViewController.swift in Sources */,
				B30A58E11F7CE5D8002F1AC8 /* CreateDiaryPageView_01.swift in Sources */,
				12F934A81F20E56900E8858E /* statisticsViewController.swift in Sources */,
				123B88A51F7850C4005FB718 /* MemberProfiolePage.swift in Sources */,
				12177BB71F1F7A2C00CA49CD /* AppDelegate.swift in Sources */,
				123B88A31F783FA2005FB718 /* MemberCreateAccountPage.swift in Sources */,
				12826F1C1F6B4FBC008297C0 /* ContentPageView_02.swift in Sources */,
				12B71D5E1F921A250027589D /* DiaryItem.swift in Sources */,
			);
			runOnlyForDeploymentPostprocessing = 0;
		};
/* End PBXSourcesBuildPhase section */

/* Begin PBXVariantGroup section */
		12177BBA1F1F7A2C00CA49CD /* Main.storyboard */ = {
			isa = PBXVariantGroup;
			children = (
				12177BBB1F1F7A2C00CA49CD /* Base */,
			);
			name = Main.storyboard;
			sourceTree = "<group>";
		};
		12177BBF1F1F7A2D00CA49CD /* LaunchScreen.storyboard */ = {
			isa = PBXVariantGroup;
			children = (
				12177BC01F1F7A2D00CA49CD /* Base */,
			);
			name = LaunchScreen.storyboard;
			sourceTree = "<group>";
		};
/* End PBXVariantGroup section */

/* Begin XCBuildConfiguration section */
		12177BC31F1F7A2D00CA49CD /* Debug */ = {
			isa = XCBuildConfiguration;
			buildSettings = {
				ALWAYS_SEARCH_USER_PATHS = NO;
				CLANG_ANALYZER_NONNULL = YES;
				CLANG_ANALYZER_NUMBER_OBJECT_CONVERSION = YES_AGGRESSIVE;
				CLANG_CXX_LANGUAGE_STANDARD = "gnu++0x";
				CLANG_CXX_LIBRARY = "libc++";
				CLANG_ENABLE_MODULES = YES;
				CLANG_ENABLE_OBJC_ARC = YES;
				CLANG_WARN_BLOCK_CAPTURE_AUTORELEASING = YES;
				CLANG_WARN_BOOL_CONVERSION = YES;
				CLANG_WARN_COMMA = YES;
				CLANG_WARN_CONSTANT_CONVERSION = YES;
				CLANG_WARN_DIRECT_OBJC_ISA_USAGE = YES_ERROR;
				CLANG_WARN_DOCUMENTATION_COMMENTS = YES;
				CLANG_WARN_EMPTY_BODY = YES;
				CLANG_WARN_ENUM_CONVERSION = YES;
				CLANG_WARN_INFINITE_RECURSION = YES;
				CLANG_WARN_INT_CONVERSION = YES;
				CLANG_WARN_NON_LITERAL_NULL_CONVERSION = YES;
				CLANG_WARN_OBJC_LITERAL_CONVERSION = YES;
				CLANG_WARN_OBJC_ROOT_CLASS = YES_ERROR;
				CLANG_WARN_RANGE_LOOP_ANALYSIS = YES;
				CLANG_WARN_STRICT_PROTOTYPES = YES;
				CLANG_WARN_SUSPICIOUS_MOVE = YES;
				CLANG_WARN_UNREACHABLE_CODE = YES;
				CLANG_WARN__DUPLICATE_METHOD_MATCH = YES;
				"CODE_SIGN_IDENTITY[sdk=iphoneos*]" = "iPhone Developer";
				COPY_PHASE_STRIP = NO;
				DEBUG_INFORMATION_FORMAT = dwarf;
				ENABLE_STRICT_OBJC_MSGSEND = YES;
				ENABLE_TESTABILITY = YES;
				GCC_C_LANGUAGE_STANDARD = gnu99;
				GCC_DYNAMIC_NO_PIC = NO;
				GCC_NO_COMMON_BLOCKS = YES;
				GCC_OPTIMIZATION_LEVEL = 0;
				GCC_PREPROCESSOR_DEFINITIONS = (
					"DEBUG=1",
					"$(inherited)",
				);
				GCC_WARN_64_TO_32_BIT_CONVERSION = YES;
				GCC_WARN_ABOUT_RETURN_TYPE = YES_ERROR;
				GCC_WARN_UNDECLARED_SELECTOR = YES;
				GCC_WARN_UNINITIALIZED_AUTOS = YES_AGGRESSIVE;
				GCC_WARN_UNUSED_FUNCTION = YES;
				GCC_WARN_UNUSED_VARIABLE = YES;
				IPHONEOS_DEPLOYMENT_TARGET = 10.3;
				MTL_ENABLE_DEBUG_INFO = YES;
				ONLY_ACTIVE_ARCH = YES;
				SDKROOT = iphoneos;
				SWIFT_ACTIVE_COMPILATION_CONDITIONS = DEBUG;
				SWIFT_OPTIMIZATION_LEVEL = "-Onone";
				TARGETED_DEVICE_FAMILY = "1,2";
			};
			name = Debug;
		};
		12177BC41F1F7A2D00CA49CD /* Release */ = {
			isa = XCBuildConfiguration;
			buildSettings = {
				ALWAYS_SEARCH_USER_PATHS = NO;
				CLANG_ANALYZER_NONNULL = YES;
				CLANG_ANALYZER_NUMBER_OBJECT_CONVERSION = YES_AGGRESSIVE;
				CLANG_CXX_LANGUAGE_STANDARD = "gnu++0x";
				CLANG_CXX_LIBRARY = "libc++";
				CLANG_ENABLE_MODULES = YES;
				CLANG_ENABLE_OBJC_ARC = YES;
				CLANG_WARN_BLOCK_CAPTURE_AUTORELEASING = YES;
				CLANG_WARN_BOOL_CONVERSION = YES;
				CLANG_WARN_COMMA = YES;
				CLANG_WARN_CONSTANT_CONVERSION = YES;
				CLANG_WARN_DIRECT_OBJC_ISA_USAGE = YES_ERROR;
				CLANG_WARN_DOCUMENTATION_COMMENTS = YES;
				CLANG_WARN_EMPTY_BODY = YES;
				CLANG_WARN_ENUM_CONVERSION = YES;
				CLANG_WARN_INFINITE_RECURSION = YES;
				CLANG_WARN_INT_CONVERSION = YES;
				CLANG_WARN_NON_LITERAL_NULL_CONVERSION = YES;
				CLANG_WARN_OBJC_LITERAL_CONVERSION = YES;
				CLANG_WARN_OBJC_ROOT_CLASS = YES_ERROR;
				CLANG_WARN_RANGE_LOOP_ANALYSIS = YES;
				CLANG_WARN_STRICT_PROTOTYPES = YES;
				CLANG_WARN_SUSPICIOUS_MOVE = YES;
				CLANG_WARN_UNREACHABLE_CODE = YES;
				CLANG_WARN__DUPLICATE_METHOD_MATCH = YES;
				"CODE_SIGN_IDENTITY[sdk=iphoneos*]" = "iPhone Developer";
				COPY_PHASE_STRIP = NO;
				DEBUG_INFORMATION_FORMAT = "dwarf-with-dsym";
				ENABLE_NS_ASSERTIONS = NO;
				ENABLE_STRICT_OBJC_MSGSEND = YES;
				GCC_C_LANGUAGE_STANDARD = gnu99;
				GCC_NO_COMMON_BLOCKS = YES;
				GCC_WARN_64_TO_32_BIT_CONVERSION = YES;
				GCC_WARN_ABOUT_RETURN_TYPE = YES_ERROR;
				GCC_WARN_UNDECLARED_SELECTOR = YES;
				GCC_WARN_UNINITIALIZED_AUTOS = YES_AGGRESSIVE;
				GCC_WARN_UNUSED_FUNCTION = YES;
				GCC_WARN_UNUSED_VARIABLE = YES;
				IPHONEOS_DEPLOYMENT_TARGET = 10.3;
				MTL_ENABLE_DEBUG_INFO = NO;
				SDKROOT = iphoneos;
				SWIFT_OPTIMIZATION_LEVEL = "-Owholemodule";
				TARGETED_DEVICE_FAMILY = "1,2";
				VALIDATE_PRODUCT = YES;
			};
			name = Release;
		};
		12177BC61F1F7A2D00CA49CD /* Debug */ = {
			isa = XCBuildConfiguration;
			baseConfigurationReference = 1E4A4D5F87B3827849C6E37E /* Pods-BPT103-Project-Foodaily.debug.xcconfig */;
			buildSettings = {
				ASSETCATALOG_COMPILER_APPICON_NAME = AppIcon;
				DEVELOPMENT_TEAM = "";
				INFOPLIST_FILE = "BPT103-Project-Foodaily/Info.plist";
				IPHONEOS_DEPLOYMENT_TARGET = 11.0;
				LD_RUNPATH_SEARCH_PATHS = "$(inherited) @executable_path/Frameworks";
				PRODUCT_BUNDLE_IDENTIFIER = "com.RaboLu.BPT103-Project-Foodaily";
				PRODUCT_NAME = "$(TARGET_NAME)";
				SWIFT_VERSION = 4.0;
			};
			name = Debug;
		};
		12177BC71F1F7A2D00CA49CD /* Release */ = {
			isa = XCBuildConfiguration;
			baseConfigurationReference = C5E0299527D4856C95BA434E /* Pods-BPT103-Project-Foodaily.release.xcconfig */;
			buildSettings = {
				ASSETCATALOG_COMPILER_APPICON_NAME = AppIcon;
				DEVELOPMENT_TEAM = "";
				INFOPLIST_FILE = "BPT103-Project-Foodaily/Info.plist";
				IPHONEOS_DEPLOYMENT_TARGET = 11.0;
				LD_RUNPATH_SEARCH_PATHS = "$(inherited) @executable_path/Frameworks";
				PRODUCT_BUNDLE_IDENTIFIER = "com.RaboLu.BPT103-Project-Foodaily";
				PRODUCT_NAME = "$(TARGET_NAME)";
				SWIFT_VERSION = 4.0;
			};
			name = Release;
		};
/* End XCBuildConfiguration section */

/* Begin XCConfigurationList section */
		12177BAE1F1F7A2C00CA49CD /* Build configuration list for PBXProject "BPT103-Project-Foodaily" */ = {
			isa = XCConfigurationList;
			buildConfigurations = (
				12177BC31F1F7A2D00CA49CD /* Debug */,
				12177BC41F1F7A2D00CA49CD /* Release */,
			);
			defaultConfigurationIsVisible = 0;
			defaultConfigurationName = Release;
		};
		12177BC51F1F7A2D00CA49CD /* Build configuration list for PBXNativeTarget "BPT103-Project-Foodaily" */ = {
			isa = XCConfigurationList;
			buildConfigurations = (
				12177BC61F1F7A2D00CA49CD /* Debug */,
				12177BC71F1F7A2D00CA49CD /* Release */,
			);
			defaultConfigurationIsVisible = 0;
			defaultConfigurationName = Release;
		};
/* End XCConfigurationList section */
	};
	rootObject = 12177BAB1F1F7A2C00CA49CD /* Project object */;
}
